
Microsoft Visual Studio Solution File, Format Version 12.00
# Visual Studio 2012
Project("{FAE04EC0-301F-11D3-BF4B-00C04F79EFBC}") = "ImplementPrism.Android", "ImplementPrism.Android\ImplementPrism.Android.csproj", "{8C8D9BC1-5AB6-477E-A175-68DF02FB2A4C}"
EndProject
Project("{FAE04EC0-301F-11D3-BF4B-00C04F79EFBC}") = "ImplementPrism.iOS", "ImplementPrism.iOS\ImplementPrism.iOS.csproj", "{20C8E970-29A0-4563-B311-750259657F96}"
EndProject
Project("{FAE04EC0-301F-11D3-BF4B-00C04F79EFBC}") = "ImplementPrism", "ImplementPrism\ImplementPrism.csproj", "{B04807F7-EC98-4FA6-B93F-9ECA0D8F7028}"
EndProject
Global
	GlobalSection(SolutionConfigurationPlatforms) = preSolution
		Debug|Any CPU = Debug|Any CPU
		Release|Any CPU = Release|Any CPU
		Debug|iPhoneSimulator = Debug|iPhoneSimulator
		Release|iPhoneSimulator = Release|iPhoneSimulator
		Debug|iPhone = Debug|iPhone
		Release|iPhone = Release|iPhone
		Ad-Hoc|iPhone = Ad-Hoc|iPhone
		AppStore|iPhone = AppStore|iPhone
	EndGlobalSection
	GlobalSection(ProjectConfigurationPlatforms) = postSolution
		{8C8D9BC1-5AB6-477E-A175-68DF02FB2A4C}.Debug|Any CPU.ActiveCfg = Debug|Any CPU
		{8C8D9BC1-5AB6-477E-A175-68DF02FB2A4C}.Debug|Any CPU.Build.0 = Debug|Any CPU
		{8C8D9BC1-5AB6-477E-A175-68DF02FB2A4C}.Release|Any CPU.ActiveCfg = Release|Any CPU
		{8C8D9BC1-5AB6-477E-A175-68DF02FB2A4C}.Release|Any CPU.Build.0 = Release|Any CPU
		{8C8D9BC1-5AB6-477E-A175-68DF02FB2A4C}.Debug|iPhoneSimulator.ActiveCfg = Debug|Any CPU
		{8C8D9BC1-5AB6-477E-A175-68DF02FB2A4C}.Debug|iPhoneSimulator.Build.0 = Debug|Any CPU
		{8C8D9BC1-5AB6-477E-A175-68DF02FB2A4C}.Release|iPhoneSimulator.ActiveCfg = Release|Any CPU
		{8C8D9BC1-5AB6-477E-A175-68DF02FB2A4C}.Release|iPhoneSimulator.Build.0 = Release|Any CPU
		{8C8D9BC1-5AB6-477E-A175-68DF02FB2A4C}.Debug|iPhone.ActiveCfg = Debug|Any CPU
		{8C8D9BC1-5AB6-477E-A175-68DF02FB2A4C}.Debug|iPhone.Build.0 = Debug|Any CPU
		{8C8D9BC1-5AB6-477E-A175-68DF02FB2A4C}.Release|iPhone.ActiveCfg = Release|Any CPU
		{8C8D9BC1-5AB6-477E-A175-68DF02FB2A4C}.Release|iPhone.Build.0 = Release|Any CPU
		{8C8D9BC1-5AB6-477E-A175-68DF02FB2A4C}.Ad-Hoc|iPhone.ActiveCfg = Debug|Any CPU
		{8C8D9BC1-5AB6-477E-A175-68DF02FB2A4C}.Ad-Hoc|iPhone.Build.0 = Debug|Any CPU
		{8C8D9BC1-5AB6-477E-A175-68DF02FB2A4C}.AppStore|iPhone.ActiveCfg = Debug|Any CPU
		{8C8D9BC1-5AB6-477E-A175-68DF02FB2A4C}.AppStore|iPhone.Build.0 = Debug|Any CPU
		{20C8E970-29A0-4563-B311-750259657F96}.Debug|Any CPU.ActiveCfg = Debug|iPhoneSimulator
		{20C8E970-29A0-4563-B311-750259657F96}.Debug|Any CPU.Build.0 = Debug|iPhoneSimulator
		{20C8E970-29A0-4563-B311-750259657F96}.Release|Any CPU.ActiveCfg = Release|iPhoneSimulator
		{20C8E970-29A0-4563-B311-750259657F96}.Release|Any CPU.Build.0 = Release|iPhoneSimulator
		{20C8E970-29A0-4563-B311-750259657F96}.Debug|iPhoneSimulator.ActiveCfg = Debug|iPhoneSimulator
		{20C8E970-29A0-4563-B311-750259657F96}.Debug|iPhoneSimulator.Build.0 = Debug|iPhoneSimulator
		{20C8E970-29A0-4563-B311-750259657F96}.Release|iPhoneSimulator.ActiveCfg = Release|iPhoneSimulator
		{20C8E970-29A0-4563-B311-750259657F96}.Release|iPhoneSimulator.Build.0 = Release|iPhoneSimulator
		{20C8E970-29A0-4563-B311-750259657F96}.Debug|iPhone.ActiveCfg = Debug|iPhone
		{20C8E970-29A0-4563-B311-750259657F96}.Debug|iPhone.Build.0 = Debug|iPhone
		{20C8E970-29A0-4563-B311-750259657F96}.Release|iPhone.ActiveCfg = Release|iPhone
		{20C8E970-29A0-4563-B311-750259657F96}.Release|iPhone.Build.0 = Release|iPhone
		{20C8E970-29A0-4563-B311-750259657F96}.Ad-Hoc|iPhone.ActiveCfg = Ad-Hoc|iPhone
		{20C8E970-29A0-4563-B311-750259657F96}.Ad-Hoc|iPhone.Build.0 = Ad-Hoc|iPhone
		{20C8E970-29A0-4563-B311-750259657F96}.AppStore|iPhone.ActiveCfg = AppStore|iPhone
		{20C8E970-29A0-4563-B311-750259657F96}.AppStore|iPhone.Build.0 = AppStore|iPhone
		{B04807F7-EC98-4FA6-B93F-9ECA0D8F7028}.Debug|Any CPU.ActiveCfg = Debug|Any CPU
		{B04807F7-EC98-4FA6-B93F-9ECA0D8F7028}.Debug|Any CPU.Build.0 = Debug|Any CPU
		{B04807F7-EC98-4FA6-B93F-9ECA0D8F7028}.Release|Any CPU.ActiveCfg = Release|Any CPU
		{B04807F7-EC98-4FA6-B93F-9ECA0D8F7028}.Release|Any CPU.Build.0 = Release|Any CPU
		{B04807F7-EC98-4FA6-B93F-9ECA0D8F7028}.Debug|iPhoneSimulator.ActiveCfg = Debug|Any CPU
		{B04807F7-EC98-4FA6-B93F-9ECA0D8F7028}.Debug|iPhoneSimulator.Build.0 = Debug|Any CPU
		{B04807F7-EC98-4FA6-B93F-9ECA0D8F7028}.Release|iPhoneSimulator.ActiveCfg = Release|Any CPU
		{B04807F7-EC98-4FA6-B93F-9ECA0D8F7028}.Release|iPhoneSimulator.Build.0 = Release|Any CPU
		{B04807F7-EC98-4FA6-B93F-9ECA0D8F7028}.Debug|iPhone.ActiveCfg = Debug|Any CPU
		{B04807F7-EC98-4FA6-B93F-9ECA0D8F7028}.Debug|iPhone.Build.0 = Debug|Any CPU
		{B04807F7-EC98-4FA6-B93F-9ECA0D8F7028}.Release|iPhone.ActiveCfg = Release|Any CPU
		{B04807F7-EC98-4FA6-B93F-9ECA0D8F7028}.Release|iPhone.Build.0 = Release|Any CPU
		{B04807F7-EC98-4FA6-B93F-9ECA0D8F7028}.Ad-Hoc|iPhone.ActiveCfg = Debug|Any CPU
		{B04807F7-EC98-4FA6-B93F-9ECA0D8F7028}.Ad-Hoc|iPhone.Build.0 = Debug|Any CPU
		{B04807F7-EC98-4FA6-B93F-9ECA0D8F7028}.AppStore|iPhone.ActiveCfg = Debug|Any CPU
		{B04807F7-EC98-4FA6-B93F-9ECA0D8F7028}.AppStore|iPhone.Build.0 = Debug|Any CPU
	EndGlobalSection
EndGlobal
